<Solution>
  <Configurations>
    <Platform Name="x64" />
    <Platform Name="x86" />
  </Configurations>
  <Project Path="../../LibraryV3/LibraryV3.vcxproj" Id="6a380ff1-00ad-425b-a7e4-cbf187583c4e" />
  <Project Path="RefactoNouvelleLibrairieV3.vcxproj" Id="19221316-40b2-4ddc-9c87-8b2a3493c9dc" />
</Solution>
